<?xml version="1.0" encoding="utf-8"?>
<Project ToolsVersion="4.0" xmlns="http://schemas.microsoft.com/developer/msbuild/2003">
  <ItemGroup>
    <Filter Include="Source Files">
      <UniqueIdentifier>{f5f29f0e-801e-49f4-b276-5739e4c7fd64}</UniqueIdentifier>
      <Extensions>cpp;c;cxx;rc;def;r;odl;idl;hpj;bat</Extensions>
    </Filter>
  </ItemGroup>
  <ItemGroup>
    <ClInclude Include="..\include\iupgl.h">
      <Filter>Source Files</Filter>
    </ClInclude>
  </ItemGroup>
  <ItemGroup>
    <ClCompile Include="..\srcgl\iupglw.c">
      <Filter>Source Files</Filter>
    </ClCompile>
    <ClCompile Include="..\srcgl\iupglx.c">
      <Filter>Source Files</Filter>
    </ClCompile>
  </ItemGroup>
</Project>