<?xml version="1.0" encoding="utf-8"?>
<Project ToolsVersion="4.0" xmlns="http://schemas.microsoft.com/developer/msbuild/2003">
  <ItemGroup>
    <Filter Include="Header Files">
      <UniqueIdentifier>{b85aa475-87eb-4e87-a743-ceef0b9f94aa}</UniqueIdentifier>
      <Extensions>h;hpp;hxx;hm;inl;inc</Extensions>
    </Filter>
    <Filter Include="Source Files">
      <UniqueIdentifier>{05085e86-7dc2-41ea-92f3-f7c49af2621a}</UniqueIdentifier>
      <Extensions>rc;ico;cur;bmp;dlg;rc2;rct;bin;rgs;gif;jpg;jpeg;jpe</Extensions>
    </Filter>
  </ItemGroup>
  <ItemGroup>
    <ClInclude Include="..\include\iupole.h">
      <Filter>Header Files</Filter>
    </ClInclude>
    <ClInclude Include="..\srcole\legacy.h">
      <Filter>Header Files</Filter>
    </ClInclude>
    <ClInclude Include="..\srcole\tambientproperties.h">
      <Filter>Header Files</Filter>
    </ClInclude>
    <ClInclude Include="..\srcole\tDispatch.h">
      <Filter>Header Files</Filter>
    </ClInclude>
    <ClInclude Include="..\srcole\tIupCtl.h">
      <Filter>Header Files</Filter>
    </ClInclude>
    <ClInclude Include="..\srcole\tOleClientSite.h">
      <Filter>Header Files</Filter>
    </ClInclude>
    <ClInclude Include="..\srcole\tOleControl.h">
      <Filter>Header Files</Filter>
    </ClInclude>
    <ClInclude Include="..\srcole\tOleControlSite.h">
      <Filter>Header Files</Filter>
    </ClInclude>
    <ClInclude Include="..\srcole\tOleHandler.h">
      <Filter>Header Files</Filter>
    </ClInclude>
    <ClInclude Include="..\srcole\tOleInPlaceFrame.h">
      <Filter>Header Files</Filter>
    </ClInclude>
    <ClInclude Include="..\srcole\tOleInPlaceSite.h">
      <Filter>Header Files</Filter>
    </ClInclude>
  </ItemGroup>
  <ItemGroup>
    <ClCompile Include="..\srcole\iupolectl.cpp">
      <Filter>Source Files</Filter>
    </ClCompile>
    <ClCompile Include="..\srcole\legacy.cpp">
      <Filter>Source Files</Filter>
    </ClCompile>
    <ClCompile Include="..\srcole\tambientproperties.cpp">
      <Filter>Source Files</Filter>
    </ClCompile>
    <ClCompile Include="..\srcole\tDispatch.cpp">
      <Filter>Source Files</Filter>
    </ClCompile>
    <ClCompile Include="..\srcole\tiupctl.cpp">
      <Filter>Source Files</Filter>
    </ClCompile>
    <ClCompile Include="..\srcole\tOleClientSite.cpp">
      <Filter>Source Files</Filter>
    </ClCompile>
    <ClCompile Include="..\srcole\tOleControl.cpp">
      <Filter>Source Files</Filter>
    </ClCompile>
    <ClCompile Include="..\srcole\tolecontrolsite.cpp">
      <Filter>Source Files</Filter>
    </ClCompile>
    <ClCompile Include="..\srcole\tOleHandler.cpp">
      <Filter>Source Files</Filter>
    </ClCompile>
    <ClCompile Include="..\srcole\tOleInPlaceFrame.cpp">
      <Filter>Source Files</Filter>
    </ClCompile>
    <ClCompile Include="..\srcole\tOleInPlaceSite.cpp">
      <Filter>Source Files</Filter>
    </ClCompile>
  </ItemGroup>
</Project>