<?xml version="1.0" encoding="utf-8"?>
<Project ToolsVersion="4.0" xmlns="http://schemas.microsoft.com/developer/msbuild/2003">
  <ItemGroup>
    <ClCompile Include="..\srcscintilla\iupsci_bracelight.c" />
    <ClCompile Include="..\srcscintilla\iupsci_clipboard.c" />
    <ClCompile Include="..\srcscintilla\iupsci_cursor.c" />
    <ClCompile Include="..\srcscintilla\iupsci_folding.c" />
    <ClCompile Include="..\srcscintilla\iupsci_lexer.c" />
    <ClCompile Include="..\srcscintilla\iupsci_margin.c" />
    <ClCompile Include="..\srcscintilla\iupsci_markers.c" />
    <ClCompile Include="..\srcscintilla\iupsci_overtype.c" />
    <ClCompile Include="..\srcscintilla\iupsci_scrolling.c" />
    <ClCompile Include="..\srcscintilla\iupsci_selection.c" />
    <ClCompile Include="..\srcscintilla\iupsci_style.c" />
    <ClCompile Include="..\srcscintilla\iupsci_tab.c" />
    <ClCompile Include="..\srcscintilla\iupsci_text.c" />
    <ClCompile Include="..\srcscintilla\iupsci_whitespace.c" />
    <ClCompile Include="..\srcscintilla\iupsci_wordwrap.c" />
    <ClCompile Include="..\srcscintilla\scintilla$(SCINTILLA_VERSION)\src\AutoComplete.cxx">
      <Filter>Scintilla</Filter>
    </ClCompile>
    <ClCompile Include="..\srcscintilla\scintilla$(SCINTILLA_VERSION)\src\CallTip.cxx">
      <Filter>Scintilla</Filter>
    </ClCompile>
    <ClCompile Include="..\srcscintilla\scintilla$(SCINTILLA_VERSION)\src\Catalogue.cxx">
      <Filter>Scintilla</Filter>
    </ClCompile>
    <ClCompile Include="..\srcscintilla\scintilla$(SCINTILLA_VERSION)\src\CellBuffer.cxx">
      <Filter>Scintilla</Filter>
    </ClCompile>
    <ClCompile Include="..\srcscintilla\scintilla$(SCINTILLA_VERSION)\src\CharClassify.cxx">
      <Filter>Scintilla</Filter>
    </ClCompile>
    <ClCompile Include="..\srcscintilla\scintilla$(SCINTILLA_VERSION)\src\ContractionState.cxx">
      <Filter>Scintilla</Filter>
    </ClCompile>
    <ClCompile Include="..\srcscintilla\scintilla$(SCINTILLA_VERSION)\src\Decoration.cxx">
      <Filter>Scintilla</Filter>
    </ClCompile>
    <ClCompile Include="..\srcscintilla\scintilla$(SCINTILLA_VERSION)\src\Document.cxx">
      <Filter>Scintilla</Filter>
    </ClCompile>
    <ClCompile Include="..\srcscintilla\scintilla$(SCINTILLA_VERSION)\src\Editor.cxx">
      <Filter>Scintilla</Filter>
    </ClCompile>
    <ClCompile Include="..\srcscintilla\scintilla$(SCINTILLA_VERSION)\src\ExternalLexer.cxx">
      <Filter>Scintilla</Filter>
    </ClCompile>
    <ClCompile Include="..\srcscintilla\scintilla$(SCINTILLA_VERSION)\src\Indicator.cxx">
      <Filter>Scintilla</Filter>
    </ClCompile>
    <ClCompile Include="..\srcscintilla\scintilla$(SCINTILLA_VERSION)\src\KeyMap.cxx">
      <Filter>Scintilla</Filter>
    </ClCompile>
    <ClCompile Include="..\srcscintilla\scintilla$(SCINTILLA_VERSION)\src\LineMarker.cxx">
      <Filter>Scintilla</Filter>
    </ClCompile>
    <ClCompile Include="..\srcscintilla\scintilla$(SCINTILLA_VERSION)\src\PerLine.cxx">
      <Filter>Scintilla</Filter>
    </ClCompile>
    <ClCompile Include="..\srcscintilla\scintilla$(SCINTILLA_VERSION)\src\PositionCache.cxx">
      <Filter>Scintilla</Filter>
    </ClCompile>
    <ClCompile Include="..\srcscintilla\scintilla$(SCINTILLA_VERSION)\src\RESearch.cxx">
      <Filter>Scintilla</Filter>
    </ClCompile>
    <ClCompile Include="..\srcscintilla\scintilla$(SCINTILLA_VERSION)\src\RunStyles.cxx">
      <Filter>Scintilla</Filter>
    </ClCompile>
    <ClCompile Include="..\srcscintilla\scintilla$(SCINTILLA_VERSION)\src\ScintillaBase.cxx">
      <Filter>Scintilla</Filter>
    </ClCompile>
    <ClCompile Include="..\srcscintilla\scintilla$(SCINTILLA_VERSION)\src\Selection.cxx">
      <Filter>Scintilla</Filter>
    </ClCompile>
    <ClCompile Include="..\srcscintilla\scintilla$(SCINTILLA_VERSION)\src\Style.cxx">
      <Filter>Scintilla</Filter>
    </ClCompile>
    <ClCompile Include="..\srcscintilla\scintilla$(SCINTILLA_VERSION)\src\UniConversion.cxx">
      <Filter>Scintilla</Filter>
    </ClCompile>
    <ClCompile Include="..\srcscintilla\scintilla$(SCINTILLA_VERSION)\src\ViewStyle.cxx">
      <Filter>Scintilla</Filter>
    </ClCompile>
    <ClCompile Include="..\srcscintilla\scintilla$(SCINTILLA_VERSION)\src\XPM.cxx">
      <Filter>Scintilla</Filter>
    </ClCompile>
    <ClCompile Include="..\srcscintilla\iupsci_annotation.c" />
    <ClCompile Include="..\srcscintilla\scintilla$(SCINTILLA_VERSION)\src\CaseConvert.cxx">
      <Filter>Scintilla</Filter>
    </ClCompile>
    <ClCompile Include="..\srcscintilla\scintilla$(SCINTILLA_VERSION)\src\CaseFolder.cxx">
      <Filter>Scintilla</Filter>
    </ClCompile>
    <ClCompile Include="..\srcscintilla\iupsci_autocompletion.c" />
    <ClCompile Include="..\srcscintilla\iupsci_searching.c" />
    <ClCompile Include="..\srcscintilla\scintilla$(SCINTILLA_VERSION)\lexers\LexA68k.cxx">
      <Filter>Scintilla\Lexers</Filter>
    </ClCompile>
    <ClCompile Include="..\srcscintilla\scintilla$(SCINTILLA_VERSION)\lexers\LexAbaqus.cxx">
      <Filter>Scintilla\Lexers</Filter>
    </ClCompile>
    <ClCompile Include="..\srcscintilla\scintilla$(SCINTILLA_VERSION)\lexers\LexAda.cxx">
      <Filter>Scintilla\Lexers</Filter>
    </ClCompile>
    <ClCompile Include="..\srcscintilla\scintilla$(SCINTILLA_VERSION)\lexers\LexAPDL.cxx">
      <Filter>Scintilla\Lexers</Filter>
    </ClCompile>
    <ClCompile Include="..\srcscintilla\scintilla$(SCINTILLA_VERSION)\lexers\LexAsm.cxx">
      <Filter>Scintilla\Lexers</Filter>
    </ClCompile>
    <ClCompile Include="..\srcscintilla\scintilla$(SCINTILLA_VERSION)\lexers\LexAsn1.cxx">
      <Filter>Scintilla\Lexers</Filter>
    </ClCompile>
    <ClCompile Include="..\srcscintilla\scintilla$(SCINTILLA_VERSION)\lexers\LexASY.cxx">
      <Filter>Scintilla\Lexers</Filter>
    </ClCompile>
    <ClCompile Include="..\srcscintilla\scintilla$(SCINTILLA_VERSION)\lexers\LexAU3.cxx">
      <Filter>Scintilla\Lexers</Filter>
    </ClCompile>
    <ClCompile Include="..\srcscintilla\scintilla$(SCINTILLA_VERSION)\lexers\LexAVE.cxx">
      <Filter>Scintilla\Lexers</Filter>
    </ClCompile>
    <ClCompile Include="..\srcscintilla\scintilla$(SCINTILLA_VERSION)\lexers\LexAVS.cxx">
      <Filter>Scintilla\Lexers</Filter>
    </ClCompile>
    <ClCompile Include="..\srcscintilla\scintilla$(SCINTILLA_VERSION)\lexers\LexBaan.cxx">
      <Filter>Scintilla\Lexers</Filter>
    </ClCompile>
    <ClCompile Include="..\srcscintilla\scintilla$(SCINTILLA_VERSION)\lexers\LexBash.cxx">
      <Filter>Scintilla\Lexers</Filter>
    </ClCompile>
    <ClCompile Include="..\srcscintilla\scintilla$(SCINTILLA_VERSION)\lexers\LexBasic.cxx">
      <Filter>Scintilla\Lexers</Filter>
    </ClCompile>
    <ClCompile Include="..\srcscintilla\scintilla$(SCINTILLA_VERSION)\lexers\LexBullant.cxx">
      <Filter>Scintilla\Lexers</Filter>
    </ClCompile>
    <ClCompile Include="..\srcscintilla\scintilla$(SCINTILLA_VERSION)\lexers\LexCaml.cxx">
      <Filter>Scintilla\Lexers</Filter>
    </ClCompile>
    <ClCompile Include="..\srcscintilla\scintilla$(SCINTILLA_VERSION)\lexers\LexCLW.cxx">
      <Filter>Scintilla\Lexers</Filter>
    </ClCompile>
    <ClCompile Include="..\srcscintilla\scintilla$(SCINTILLA_VERSION)\lexers\LexCmake.cxx">
      <Filter>Scintilla\Lexers</Filter>
    </ClCompile>
    <ClCompile Include="..\srcscintilla\scintilla$(SCINTILLA_VERSION)\lexers\LexCOBOL.cxx">
      <Filter>Scintilla\Lexers</Filter>
    </ClCompile>
    <ClCompile Include="..\srcscintilla\scintilla$(SCINTILLA_VERSION)\lexers\LexCoffeeScript.cxx">
      <Filter>Scintilla\Lexers</Filter>
    </ClCompile>
    <ClCompile Include="..\srcscintilla\scintilla$(SCINTILLA_VERSION)\lexers\LexConf.cxx">
      <Filter>Scintilla\Lexers</Filter>
    </ClCompile>
    <ClCompile Include="..\srcscintilla\scintilla$(SCINTILLA_VERSION)\lexers\LexCPP.cxx">
      <Filter>Scintilla\Lexers</Filter>
    </ClCompile>
    <ClCompile Include="..\srcscintilla\scintilla$(SCINTILLA_VERSION)\lexers\LexCrontab.cxx">
      <Filter>Scintilla\Lexers</Filter>
    </ClCompile>
    <ClCompile Include="..\srcscintilla\scintilla$(SCINTILLA_VERSION)\lexers\LexCsound.cxx">
      <Filter>Scintilla\Lexers</Filter>
    </ClCompile>
    <ClCompile Include="..\srcscintilla\scintilla$(SCINTILLA_VERSION)\lexers\LexCSS.cxx">
      <Filter>Scintilla\Lexers</Filter>
    </ClCompile>
    <ClCompile Include="..\srcscintilla\scintilla$(SCINTILLA_VERSION)\lexers\LexD.cxx">
      <Filter>Scintilla\Lexers</Filter>
    </ClCompile>
    <ClCompile Include="..\srcscintilla\scintilla$(SCINTILLA_VERSION)\lexers\LexDMAP.cxx">
      <Filter>Scintilla\Lexers</Filter>
    </ClCompile>
    <ClCompile Include="..\srcscintilla\scintilla$(SCINTILLA_VERSION)\lexers\LexECL.cxx">
      <Filter>Scintilla\Lexers</Filter>
    </ClCompile>
    <ClCompile Include="..\srcscintilla\scintilla$(SCINTILLA_VERSION)\lexers\LexEiffel.cxx">
      <Filter>Scintilla\Lexers</Filter>
    </ClCompile>
    <ClCompile Include="..\srcscintilla\scintilla$(SCINTILLA_VERSION)\lexers\LexEScript.cxx">
      <Filter>Scintilla\Lexers</Filter>
    </ClCompile>
    <ClCompile Include="..\srcscintilla\scintilla$(SCINTILLA_VERSION)\lexers\LexFlagship.cxx">
      <Filter>Scintilla\Lexers</Filter>
    </ClCompile>
    <ClCompile Include="..\srcscintilla\scintilla$(SCINTILLA_VERSION)\lexers\LexForth.cxx">
      <Filter>Scintilla\Lexers</Filter>
    </ClCompile>
    <ClCompile Include="..\srcscintilla\scintilla$(SCINTILLA_VERSION)\lexers\LexFortran.cxx">
      <Filter>Scintilla\Lexers</Filter>
    </ClCompile>
    <ClCompile Include="..\srcscintilla\scintilla$(SCINTILLA_VERSION)\lexers\LexGAP.cxx">
      <Filter>Scintilla\Lexers</Filter>
    </ClCompile>
    <ClCompile Include="..\srcscintilla\scintilla$(SCINTILLA_VERSION)\lexers\LexGui4Cli.cxx">
      <Filter>Scintilla\Lexers</Filter>
    </ClCompile>
    <ClCompile Include="..\srcscintilla\scintilla$(SCINTILLA_VERSION)\lexers\LexHaskell.cxx">
      <Filter>Scintilla\Lexers</Filter>
    </ClCompile>
    <ClCompile Include="..\srcscintilla\scintilla$(SCINTILLA_VERSION)\lexers\LexHTML.cxx">
      <Filter>Scintilla\Lexers</Filter>
    </ClCompile>
    <ClCompile Include="..\srcscintilla\scintilla$(SCINTILLA_VERSION)\lexers\LexInno.cxx">
      <Filter>Scintilla\Lexers</Filter>
    </ClCompile>
    <ClCompile Include="..\srcscintilla\scintilla$(SCINTILLA_VERSION)\lexers\LexKix.cxx">
      <Filter>Scintilla\Lexers</Filter>
    </ClCompile>
    <ClCompile Include="..\srcscintilla\scintilla$(SCINTILLA_VERSION)\lexers\LexKVIrc.cxx">
      <Filter>Scintilla\Lexers</Filter>
    </ClCompile>
    <ClCompile Include="..\srcscintilla\scintilla$(SCINTILLA_VERSION)\lexers\LexLaTeX.cxx">
      <Filter>Scintilla\Lexers</Filter>
    </ClCompile>
    <ClCompile Include="..\srcscintilla\scintilla$(SCINTILLA_VERSION)\lexers\LexLisp.cxx">
      <Filter>Scintilla\Lexers</Filter>
    </ClCompile>
    <ClCompile Include="..\srcscintilla\scintilla$(SCINTILLA_VERSION)\lexers\LexLout.cxx">
      <Filter>Scintilla\Lexers</Filter>
    </ClCompile>
    <ClCompile Include="..\srcscintilla\scintilla$(SCINTILLA_VERSION)\lexers\LexLua.cxx">
      <Filter>Scintilla\Lexers</Filter>
    </ClCompile>
    <ClCompile Include="..\srcscintilla\scintilla$(SCINTILLA_VERSION)\lexers\LexMagik.cxx">
      <Filter>Scintilla\Lexers</Filter>
    </ClCompile>
    <ClCompile Include="..\srcscintilla\scintilla$(SCINTILLA_VERSION)\lexers\LexMarkdown.cxx">
      <Filter>Scintilla\Lexers</Filter>
    </ClCompile>
    <ClCompile Include="..\srcscintilla\scintilla$(SCINTILLA_VERSION)\lexers\LexMatlab.cxx">
      <Filter>Scintilla\Lexers</Filter>
    </ClCompile>
    <ClCompile Include="..\srcscintilla\scintilla$(SCINTILLA_VERSION)\lexers\LexMetapost.cxx">
      <Filter>Scintilla\Lexers</Filter>
    </ClCompile>
    <ClCompile Include="..\srcscintilla\scintilla$(SCINTILLA_VERSION)\lexers\LexMMIXAL.cxx">
      <Filter>Scintilla\Lexers</Filter>
    </ClCompile>
    <ClCompile Include="..\srcscintilla\scintilla$(SCINTILLA_VERSION)\lexers\LexModula.cxx">
      <Filter>Scintilla\Lexers</Filter>
    </ClCompile>
    <ClCompile Include="..\srcscintilla\scintilla$(SCINTILLA_VERSION)\lexers\LexMPT.cxx">
      <Filter>Scintilla\Lexers</Filter>
    </ClCompile>
    <ClCompile Include="..\srcscintilla\scintilla$(SCINTILLA_VERSION)\lexers\LexMSSQL.cxx">
      <Filter>Scintilla\Lexers</Filter>
    </ClCompile>
    <ClCompile Include="..\srcscintilla\scintilla$(SCINTILLA_VERSION)\lexers\LexMySQL.cxx">
      <Filter>Scintilla\Lexers</Filter>
    </ClCompile>
    <ClCompile Include="..\srcscintilla\scintilla$(SCINTILLA_VERSION)\lexers\LexNimrod.cxx">
      <Filter>Scintilla\Lexers</Filter>
    </ClCompile>
    <ClCompile Include="..\srcscintilla\scintilla$(SCINTILLA_VERSION)\lexers\LexNsis.cxx">
      <Filter>Scintilla\Lexers</Filter>
    </ClCompile>
    <ClCompile Include="..\srcscintilla\scintilla$(SCINTILLA_VERSION)\lexers\LexOpal.cxx">
      <Filter>Scintilla\Lexers</Filter>
    </ClCompile>
    <ClCompile Include="..\srcscintilla\scintilla$(SCINTILLA_VERSION)\lexers\LexOScript.cxx">
      <Filter>Scintilla\Lexers</Filter>
    </ClCompile>
    <ClCompile Include="..\srcscintilla\scintilla$(SCINTILLA_VERSION)\lexers\LexPascal.cxx">
      <Filter>Scintilla\Lexers</Filter>
    </ClCompile>
    <ClCompile Include="..\srcscintilla\scintilla$(SCINTILLA_VERSION)\lexers\LexPB.cxx">
      <Filter>Scintilla\Lexers</Filter>
    </ClCompile>
    <ClCompile Include="..\srcscintilla\scintilla$(SCINTILLA_VERSION)\lexers\LexPerl.cxx">
      <Filter>Scintilla\Lexers</Filter>
    </ClCompile>
    <ClCompile Include="..\srcscintilla\scintilla$(SCINTILLA_VERSION)\lexers\LexPLM.cxx">
      <Filter>Scintilla\Lexers</Filter>
    </ClCompile>
    <ClCompile Include="..\srcscintilla\scintilla$(SCINTILLA_VERSION)\lexers\LexPO.cxx">
      <Filter>Scintilla\Lexers</Filter>
    </ClCompile>
    <ClCompile Include="..\srcscintilla\scintilla$(SCINTILLA_VERSION)\lexers\LexPOV.cxx">
      <Filter>Scintilla\Lexers</Filter>
    </ClCompile>
    <ClCompile Include="..\srcscintilla\scintilla$(SCINTILLA_VERSION)\lexers\LexPowerPro.cxx">
      <Filter>Scintilla\Lexers</Filter>
    </ClCompile>
    <ClCompile Include="..\srcscintilla\scintilla$(SCINTILLA_VERSION)\lexers\LexPowerShell.cxx">
      <Filter>Scintilla\Lexers</Filter>
    </ClCompile>
    <ClCompile Include="..\srcscintilla\scintilla$(SCINTILLA_VERSION)\lexers\LexProgress.cxx">
      <Filter>Scintilla\Lexers</Filter>
    </ClCompile>
    <ClCompile Include="..\srcscintilla\scintilla$(SCINTILLA_VERSION)\lexers\LexPS.cxx">
      <Filter>Scintilla\Lexers</Filter>
    </ClCompile>
    <ClCompile Include="..\srcscintilla\scintilla$(SCINTILLA_VERSION)\lexers\LexPython.cxx">
      <Filter>Scintilla\Lexers</Filter>
    </ClCompile>
    <ClCompile Include="..\srcscintilla\scintilla$(SCINTILLA_VERSION)\lexers\LexR.cxx">
      <Filter>Scintilla\Lexers</Filter>
    </ClCompile>
    <ClCompile Include="..\srcscintilla\scintilla$(SCINTILLA_VERSION)\lexers\LexRebol.cxx">
      <Filter>Scintilla\Lexers</Filter>
    </ClCompile>
    <ClCompile Include="..\srcscintilla\scintilla$(SCINTILLA_VERSION)\lexers\LexRuby.cxx">
      <Filter>Scintilla\Lexers</Filter>
    </ClCompile>
    <ClCompile Include="..\srcscintilla\scintilla$(SCINTILLA_VERSION)\lexers\LexRust.cxx">
      <Filter>Scintilla\Lexers</Filter>
    </ClCompile>
    <ClCompile Include="..\srcscintilla\scintilla$(SCINTILLA_VERSION)\lexers\LexScriptol.cxx">
      <Filter>Scintilla\Lexers</Filter>
    </ClCompile>
    <ClCompile Include="..\srcscintilla\scintilla$(SCINTILLA_VERSION)\lexers\LexSmalltalk.cxx">
      <Filter>Scintilla\Lexers</Filter>
    </ClCompile>
    <ClCompile Include="..\srcscintilla\scintilla$(SCINTILLA_VERSION)\lexers\LexSML.cxx">
      <Filter>Scintilla\Lexers</Filter>
    </ClCompile>
    <ClCompile Include="..\srcscintilla\scintilla$(SCINTILLA_VERSION)\lexers\LexSorcus.cxx">
      <Filter>Scintilla\Lexers</Filter>
    </ClCompile>
    <ClCompile Include="..\srcscintilla\scintilla$(SCINTILLA_VERSION)\lexers\LexSpecman.cxx">
      <Filter>Scintilla\Lexers</Filter>
    </ClCompile>
    <ClCompile Include="..\srcscintilla\scintilla$(SCINTILLA_VERSION)\lexers\LexSpice.cxx">
      <Filter>Scintilla\Lexers</Filter>
    </ClCompile>
    <ClCompile Include="..\srcscintilla\scintilla$(SCINTILLA_VERSION)\lexers\LexSQL.cxx">
      <Filter>Scintilla\Lexers</Filter>
    </ClCompile>
    <ClCompile Include="..\srcscintilla\scintilla$(SCINTILLA_VERSION)\lexers\LexSTTXT.cxx">
      <Filter>Scintilla\Lexers</Filter>
    </ClCompile>
    <ClCompile Include="..\srcscintilla\scintilla$(SCINTILLA_VERSION)\lexers\LexTACL.cxx">
      <Filter>Scintilla\Lexers</Filter>
    </ClCompile>
    <ClCompile Include="..\srcscintilla\scintilla$(SCINTILLA_VERSION)\lexers\LexTADS3.cxx">
      <Filter>Scintilla\Lexers</Filter>
    </ClCompile>
    <ClCompile Include="..\srcscintilla\scintilla$(SCINTILLA_VERSION)\lexers\LexTAL.cxx">
      <Filter>Scintilla\Lexers</Filter>
    </ClCompile>
    <ClCompile Include="..\srcscintilla\scintilla$(SCINTILLA_VERSION)\lexers\LexTCL.cxx">
      <Filter>Scintilla\Lexers</Filter>
    </ClCompile>
    <ClCompile Include="..\srcscintilla\scintilla$(SCINTILLA_VERSION)\lexers\LexTCMD.cxx">
      <Filter>Scintilla\Lexers</Filter>
    </ClCompile>
    <ClCompile Include="..\srcscintilla\scintilla$(SCINTILLA_VERSION)\lexers\LexTeX.cxx">
      <Filter>Scintilla\Lexers</Filter>
    </ClCompile>
    <ClCompile Include="..\srcscintilla\scintilla$(SCINTILLA_VERSION)\lexers\LexTxt2tags.cxx">
      <Filter>Scintilla\Lexers</Filter>
    </ClCompile>
    <ClCompile Include="..\srcscintilla\scintilla$(SCINTILLA_VERSION)\lexers\LexVB.cxx">
      <Filter>Scintilla\Lexers</Filter>
    </ClCompile>
    <ClCompile Include="..\srcscintilla\scintilla$(SCINTILLA_VERSION)\lexers\LexVerilog.cxx">
      <Filter>Scintilla\Lexers</Filter>
    </ClCompile>
    <ClCompile Include="..\srcscintilla\scintilla$(SCINTILLA_VERSION)\lexers\LexVHDL.cxx">
      <Filter>Scintilla\Lexers</Filter>
    </ClCompile>
    <ClCompile Include="..\srcscintilla\scintilla$(SCINTILLA_VERSION)\lexers\LexVisualProlog.cxx">
      <Filter>Scintilla\Lexers</Filter>
    </ClCompile>
    <ClCompile Include="..\srcscintilla\scintilla$(SCINTILLA_VERSION)\lexers\LexYAML.cxx">
      <Filter>Scintilla\Lexers</Filter>
    </ClCompile>
    <ClCompile Include="..\srcscintilla\scintilla$(SCINTILLA_VERSION)\lexers\LexDMIS.cxx">
      <Filter>Scintilla\Lexers</Filter>
    </ClCompile>
    <ClCompile Include="..\srcscintilla\scintilla$(SCINTILLA_VERSION)\lexers\LexHex.cxx">
      <Filter>Scintilla\Lexers</Filter>
    </ClCompile>
    <ClCompile Include="..\srcscintilla\scintilla$(SCINTILLA_VERSION)\lexers\LexRegistry.cxx">
      <Filter>Scintilla\Lexers</Filter>
    </ClCompile>
    <ClCompile Include="..\srcscintilla\scintilla$(SCINTILLA_VERSION)\lexers\LexBibTeX.cxx">
      <Filter>Scintilla\Lexers</Filter>
    </ClCompile>
    <ClCompile Include="..\srcscintilla\scintilla$(SCINTILLA_VERSION)\src\EditView.cxx">
      <Filter>Scintilla</Filter>
    </ClCompile>
    <ClCompile Include="..\srcscintilla\scintilla$(SCINTILLA_VERSION)\src\MarginView.cxx">
      <Filter>Scintilla</Filter>
    </ClCompile>
    <ClCompile Include="..\srcscintilla\scintilla$(SCINTILLA_VERSION)\src\EditModel.cxx">
      <Filter>Scintilla</Filter>
    </ClCompile>
    <ClCompile Include="..\srcscintilla\scintilla$(SCINTILLA_VERSION)\lexers\LexProps.cxx">
      <Filter>Scintilla\Lexers</Filter>
    </ClCompile>
    <ClCompile Include="..\srcscintilla\scintilla$(SCINTILLA_VERSION)\lexers\LexBatch.cxx">
      <Filter>Scintilla\Lexers</Filter>
    </ClCompile>
    <ClCompile Include="..\srcscintilla\scintilla$(SCINTILLA_VERSION)\lexers\LexDiff.cxx">
      <Filter>Scintilla\Lexers</Filter>
    </ClCompile>
    <ClCompile Include="..\srcscintilla\scintilla$(SCINTILLA_VERSION)\lexers\LexErrorList.cxx">
      <Filter>Scintilla\Lexers</Filter>
    </ClCompile>
    <ClCompile Include="..\srcscintilla\scintilla$(SCINTILLA_VERSION)\lexers\LexMake.cxx">
      <Filter>Scintilla\Lexers</Filter>
    </ClCompile>
    <ClCompile Include="..\srcscintilla\scintilla$(SCINTILLA_VERSION)\lexers\LexNull.cxx">
      <Filter>Scintilla\Lexers</Filter>
    </ClCompile>
    <ClCompile Include="..\srcscintilla\scintilla$(SCINTILLA_VERSION)\lexlib\Accessor.cxx">
      <Filter>Scintilla\lexlib</Filter>
    </ClCompile>
    <ClCompile Include="..\srcscintilla\scintilla$(SCINTILLA_VERSION)\lexlib\CharacterCategory.cxx">
      <Filter>Scintilla\lexlib</Filter>
    </ClCompile>
    <ClCompile Include="..\srcscintilla\scintilla$(SCINTILLA_VERSION)\lexlib\CharacterSet.cxx">
      <Filter>Scintilla\lexlib</Filter>
    </ClCompile>
    <ClCompile Include="..\srcscintilla\scintilla$(SCINTILLA_VERSION)\lexlib\WordList.cxx">
      <Filter>Scintilla\lexlib</Filter>
    </ClCompile>
    <ClCompile Include="..\srcscintilla\scintilla$(SCINTILLA_VERSION)\lexlib\StyleContext.cxx">
      <Filter>Scintilla\lexlib</Filter>
    </ClCompile>
    <ClCompile Include="..\srcscintilla\scintilla$(SCINTILLA_VERSION)\lexlib\LexerBase.cxx">
      <Filter>Scintilla\lexlib</Filter>
    </ClCompile>
    <ClCompile Include="..\srcscintilla\scintilla$(SCINTILLA_VERSION)\lexlib\LexerModule.cxx">
      <Filter>Scintilla\lexlib</Filter>
    </ClCompile>
    <ClCompile Include="..\srcscintilla\scintilla$(SCINTILLA_VERSION)\lexlib\LexerNoExceptions.cxx">
      <Filter>Scintilla\lexlib</Filter>
    </ClCompile>
    <ClCompile Include="..\srcscintilla\scintilla$(SCINTILLA_VERSION)\lexlib\LexerSimple.cxx">
      <Filter>Scintilla\lexlib</Filter>
    </ClCompile>
    <ClCompile Include="..\srcscintilla\scintilla$(SCINTILLA_VERSION)\lexlib\PropSetSimple.cxx">
      <Filter>Scintilla\lexlib</Filter>
    </ClCompile>
    <ClCompile Include="..\srcscintilla\scintilla$(SCINTILLA_VERSION)\lexers\LexErlang.cxx">
      <Filter>Scintilla\Lexers</Filter>
    </ClCompile>
    <ClCompile Include="..\srcscintilla\scintilla$(SCINTILLA_VERSION)\lexers\LexJSON.cxx">
      <Filter>Scintilla\Lexers</Filter>
    </ClCompile>
    <ClCompile Include="..\srcscintilla\iup_scintilladlg.c" />
    <ClCompile Include="..\srcscintilla\iup_scintilla.c" />
    <ClCompile Include="..\srcscintilla\iupsci_print.c" />
    <ClCompile Include="..\srcscintilla\iupsci_indicator.c" />
    <ClCompile Include="..\srcscintilla\scintilla$(SCINTILLA_VERSION)\lexers\LexLed.cxx">
      <Filter>Scintilla\Lexers</Filter>
    </ClCompile>
  </ItemGroup>
  <ItemGroup>
    <ClInclude Include="..\srcscintilla\scintilla$(SCINTILLA_VERSION)\src\Indicator.h">
      <Filter>Scintilla</Filter>
    </ClInclude>
    <ClInclude Include="..\srcscintilla\scintilla$(SCINTILLA_VERSION)\src\AutoComplete.h">
      <Filter>Scintilla</Filter>
    </ClInclude>
    <ClInclude Include="..\srcscintilla\scintilla$(SCINTILLA_VERSION)\src\CallTip.h">
      <Filter>Scintilla</Filter>
    </ClInclude>
    <ClInclude Include="..\srcscintilla\scintilla$(SCINTILLA_VERSION)\src\Catalogue.h">
      <Filter>Scintilla</Filter>
    </ClInclude>
    <ClInclude Include="..\srcscintilla\scintilla$(SCINTILLA_VERSION)\src\CellBuffer.h">
      <Filter>Scintilla</Filter>
    </ClInclude>
    <ClInclude Include="..\srcscintilla\scintilla$(SCINTILLA_VERSION)\src\CharClassify.h">
      <Filter>Scintilla</Filter>
    </ClInclude>
    <ClInclude Include="..\srcscintilla\scintilla$(SCINTILLA_VERSION)\src\ContractionState.h">
      <Filter>Scintilla</Filter>
    </ClInclude>
    <ClInclude Include="..\srcscintilla\scintilla$(SCINTILLA_VERSION)\src\Decoration.h">
      <Filter>Scintilla</Filter>
    </ClInclude>
    <ClInclude Include="..\srcscintilla\scintilla$(SCINTILLA_VERSION)\src\Document.h">
      <Filter>Scintilla</Filter>
    </ClInclude>
    <ClInclude Include="..\srcscintilla\scintilla$(SCINTILLA_VERSION)\src\Editor.h">
      <Filter>Scintilla</Filter>
    </ClInclude>
    <ClInclude Include="..\srcscintilla\scintilla$(SCINTILLA_VERSION)\src\ExternalLexer.h">
      <Filter>Scintilla</Filter>
    </ClInclude>
    <ClInclude Include="..\srcscintilla\scintilla$(SCINTILLA_VERSION)\src\FontQuality.h">
      <Filter>Scintilla</Filter>
    </ClInclude>
    <ClInclude Include="..\srcscintilla\scintilla$(SCINTILLA_VERSION)\src\XPM.h">
      <Filter>Scintilla</Filter>
    </ClInclude>
    <ClInclude Include="..\srcscintilla\scintilla$(SCINTILLA_VERSION)\src\KeyMap.h">
      <Filter>Scintilla</Filter>
    </ClInclude>
    <ClInclude Include="..\srcscintilla\scintilla$(SCINTILLA_VERSION)\src\LineMarker.h">
      <Filter>Scintilla</Filter>
    </ClInclude>
    <ClInclude Include="..\srcscintilla\scintilla$(SCINTILLA_VERSION)\src\Partitioning.h">
      <Filter>Scintilla</Filter>
    </ClInclude>
    <ClInclude Include="..\srcscintilla\scintilla$(SCINTILLA_VERSION)\src\PerLine.h">
      <Filter>Scintilla</Filter>
    </ClInclude>
    <ClInclude Include="..\srcscintilla\scintilla$(SCINTILLA_VERSION)\src\PositionCache.h">
      <Filter>Scintilla</Filter>
    </ClInclude>
    <ClInclude Include="..\srcscintilla\scintilla$(SCINTILLA_VERSION)\src\RESearch.h">
      <Filter>Scintilla</Filter>
    </ClInclude>
    <ClInclude Include="..\srcscintilla\scintilla$(SCINTILLA_VERSION)\src\RunStyles.h">
      <Filter>Scintilla</Filter>
    </ClInclude>
    <ClInclude Include="..\srcscintilla\scintilla$(SCINTILLA_VERSION)\src\ScintillaBase.h">
      <Filter>Scintilla</Filter>
    </ClInclude>
    <ClInclude Include="..\srcscintilla\scintilla$(SCINTILLA_VERSION)\src\Selection.h">
      <Filter>Scintilla</Filter>
    </ClInclude>
    <ClInclude Include="..\srcscintilla\scintilla$(SCINTILLA_VERSION)\src\SplitVector.h">
      <Filter>Scintilla</Filter>
    </ClInclude>
    <ClInclude Include="..\srcscintilla\scintilla$(SCINTILLA_VERSION)\src\Style.h">
      <Filter>Scintilla</Filter>
    </ClInclude>
    <ClInclude Include="..\srcscintilla\scintilla$(SCINTILLA_VERSION)\src\SVector.h">
      <Filter>Scintilla</Filter>
    </ClInclude>
    <ClInclude Include="..\srcscintilla\scintilla$(SCINTILLA_VERSION)\src\UniConversion.h">
      <Filter>Scintilla</Filter>
    </ClInclude>
    <ClInclude Include="..\srcscintilla\scintilla$(SCINTILLA_VERSION)\src\ViewStyle.h">
      <Filter>Scintilla</Filter>
    </ClInclude>
    <ClInclude Include="..\srcscintilla\scintilla$(SCINTILLA_VERSION)\iupsci.h">
      <Filter>inc</Filter>
    </ClInclude>
    <ClInclude Include="..\include\iup_scintilla.h">
      <Filter>include</Filter>
    </ClInclude>
    <ClInclude Include="..\srcscintilla\scintilla$(SCINTILLA_VERSION)\src\UnicodeFromUTF8.h">
      <Filter>Scintilla</Filter>
    </ClInclude>
    <ClInclude Include="..\srcscintilla\scintilla$(SCINTILLA_VERSION)\src\CaseConvert.h">
      <Filter>Scintilla</Filter>
    </ClInclude>
    <ClInclude Include="..\srcscintilla\scintilla$(SCINTILLA_VERSION)\src\CaseFolder.h">
      <Filter>Scintilla</Filter>
    </ClInclude>
    <ClInclude Include="..\srcscintilla\scintilla$(SCINTILLA_VERSION)\src\EditModel.h">
      <Filter>Scintilla</Filter>
    </ClInclude>
    <ClInclude Include="..\srcscintilla\scintilla$(SCINTILLA_VERSION)\src\EditView.h">
      <Filter>Scintilla</Filter>
    </ClInclude>
    <ClInclude Include="..\srcscintilla\scintilla$(SCINTILLA_VERSION)\src\MarginView.h">
      <Filter>Scintilla</Filter>
    </ClInclude>
    <ClInclude Include="..\srcscintilla\scintilla$(SCINTILLA_VERSION)\include\Scintilla.h">
      <Filter>Scintilla\include</Filter>
    </ClInclude>
    <ClInclude Include="..\srcscintilla\scintilla$(SCINTILLA_VERSION)\include\ScintillaWidget.h">
      <Filter>Scintilla\include</Filter>
    </ClInclude>
    <ClInclude Include="..\srcscintilla\scintilla$(SCINTILLA_VERSION)\include\ILexer.h">
      <Filter>Scintilla\include</Filter>
    </ClInclude>
    <ClInclude Include="..\srcscintilla\scintilla$(SCINTILLA_VERSION)\include\Platform.h">
      <Filter>Scintilla\include</Filter>
    </ClInclude>
    <ClInclude Include="..\srcscintilla\scintilla$(SCINTILLA_VERSION)\include\Sci_Position.h">
      <Filter>Scintilla\include</Filter>
    </ClInclude>
    <ClInclude Include="..\srcscintilla\scintilla$(SCINTILLA_VERSION)\include\SciLexer.h">
      <Filter>Scintilla\include</Filter>
    </ClInclude>
    <ClInclude Include="..\srcscintilla\scintilla$(SCINTILLA_VERSION)\lexlib\Accessor.h">
      <Filter>Scintilla\lexlib</Filter>
    </ClInclude>
    <ClInclude Include="..\srcscintilla\scintilla$(SCINTILLA_VERSION)\lexlib\CharacterCategory.h">
      <Filter>Scintilla\lexlib</Filter>
    </ClInclude>
    <ClInclude Include="..\srcscintilla\scintilla$(SCINTILLA_VERSION)\lexlib\CharacterSet.h">
      <Filter>Scintilla\lexlib</Filter>
    </ClInclude>
    <ClInclude Include="..\srcscintilla\scintilla$(SCINTILLA_VERSION)\lexlib\WordList.h">
      <Filter>Scintilla\lexlib</Filter>
    </ClInclude>
    <ClInclude Include="..\srcscintilla\scintilla$(SCINTILLA_VERSION)\lexlib\SubStyles.h">
      <Filter>Scintilla\lexlib</Filter>
    </ClInclude>
    <ClInclude Include="..\srcscintilla\scintilla$(SCINTILLA_VERSION)\lexlib\StyleContext.h">
      <Filter>Scintilla\lexlib</Filter>
    </ClInclude>
    <ClInclude Include="..\srcscintilla\scintilla$(SCINTILLA_VERSION)\lexlib\LexAccessor.h">
      <Filter>Scintilla\lexlib</Filter>
    </ClInclude>
    <ClInclude Include="..\srcscintilla\scintilla$(SCINTILLA_VERSION)\lexlib\LexerBase.h">
      <Filter>Scintilla\lexlib</Filter>
    </ClInclude>
    <ClInclude Include="..\srcscintilla\scintilla$(SCINTILLA_VERSION)\lexlib\LexerModule.h">
      <Filter>Scintilla\lexlib</Filter>
    </ClInclude>
    <ClInclude Include="..\srcscintilla\scintilla$(SCINTILLA_VERSION)\lexlib\LexerNoExceptions.h">
      <Filter>Scintilla\lexlib</Filter>
    </ClInclude>
    <ClInclude Include="..\srcscintilla\scintilla$(SCINTILLA_VERSION)\lexlib\LexerSimple.h">
      <Filter>Scintilla\lexlib</Filter>
    </ClInclude>
    <ClInclude Include="..\srcscintilla\scintilla$(SCINTILLA_VERSION)\lexlib\OptionSet.h">
      <Filter>Scintilla\lexlib</Filter>
    </ClInclude>
    <ClInclude Include="..\srcscintilla\scintilla$(SCINTILLA_VERSION)\lexlib\PropSetSimple.h">
      <Filter>Scintilla\lexlib</Filter>
    </ClInclude>
    <ClInclude Include="..\srcscintilla\scintilla$(SCINTILLA_VERSION)\lexlib\SparseState.h">
      <Filter>Scintilla\lexlib</Filter>
    </ClInclude>
    <ClInclude Include="..\srcscintilla\scintilla$(SCINTILLA_VERSION)\lexlib\StringCopy.h">
      <Filter>Scintilla\lexlib</Filter>
    </ClInclude>
    <ClInclude Include="..\srcscintilla\scintilla$(SCINTILLA_VERSION)\src\Position.h">
      <Filter>Scintilla</Filter>
    </ClInclude>
  </ItemGroup>
  <ItemGroup>
    <Filter Include="Scintilla">
      <UniqueIdentifier>{4f24f61e-aa1e-431a-9d7f-cf4f0ad99692}</UniqueIdentifier>
    </Filter>
    <Filter Include="inc">
      <UniqueIdentifier>{aafb6ed5-ecef-4c12-8db0-f50a2f003205}</UniqueIdentifier>
    </Filter>
    <Filter Include="include">
      <UniqueIdentifier>{6796d026-1b41-44db-ad80-0509fbd9a22c}</UniqueIdentifier>
    </Filter>
    <Filter Include="Scintilla\Lexers">
      <UniqueIdentifier>{22b4f584-d6b0-48a7-82c2-f6791d592716}</UniqueIdentifier>
    </Filter>
    <Filter Include="Scintilla\include">
      <UniqueIdentifier>{624fb162-d878-4d1f-8bf8-2b8003b4b145}</UniqueIdentifier>
    </Filter>
    <Filter Include="Scintilla\lexlib">
      <UniqueIdentifier>{64cf7d88-65f7-4c3e-8312-b75a2ecdc40c}</UniqueIdentifier>
    </Filter>
  </ItemGroup>
</Project>